// !$*UTF8*$!
{
	archiveVersion = 1;
	classes = {
	};
	objectVersion = 50;
	objects = {

/* Begin PBXBuildFile section */
		BE2F42682BFE8A4C004FB6F0 /* AppDelegate.swift in Sources */ = {isa = PBXBuildFile; fileRef = BE2F42672BFE8A4C004FB6F0 /* AppDelegate.swift */; };
		BE2F426A2BFE8A4C004FB6F0 /* SceneDelegate.swift in Sources */ = {isa = PBXBuildFile; fileRef = BE2F42692BFE8A4C004FB6F0 /* SceneDelegate.swift */; };
		BE2F426C2BFE8A4C004FB6F0 /* ViewController.swift in Sources */ = {isa = PBXBuildFile; fileRef = BE2F426B2BFE8A4C004FB6F0 /* ViewController.swift */; };
		BE2F426F2BFE8A4C004FB6F0 /* Main.storyboard in Resources */ = {isa = PBXBuildFile; fileRef = BE2F426D2BFE8A4C004FB6F0 /* Main.storyboard */; };
		BE2F42712BFE8A4F004FB6F0 /* Assets.xcassets in Resources */ = {isa = PBXBuildFile; fileRef = BE2F42702BFE8A4F004FB6F0 /* Assets.xcassets */; };
		BE2F42742BFE8A4F004FB6F0 /* LaunchScreen.storyboard in Resources */ = {isa = PBXBuildFile; fileRef = BE2F42722BFE8A4F004FB6F0 /* LaunchScreen.storyboard */; };
		BE2F427F2BFE8A4F004FB6F0 /* GuessTheFlagTests.swift in Sources */ = {isa = PBXBuildFile; fileRef = BE2F427E2BFE8A4F004FB6F0 /* GuessTheFlagTests.swift */; };
		BE2F428A2BFE8A4F004FB6F0 /* GuessTheFlagUITests.swift in Sources */ = {isa = PBXBuildFile; fileRef = BE2F42892BFE8A4F004FB6F0 /* GuessTheFlagUITests.swift */; };
/* End PBXBuildFile section */

/* Begin PBXContainerItemProxy section */
		BE2F427B2BFE8A4F004FB6F0 /* PBXContainerItemProxy */ = {
			isa = PBXContainerItemProxy;
			containerPortal = BE2F425C2BFE8A4C004FB6F0 /* Project object */;
			proxyType = 1;
			remoteGlobalIDString = BE2F42632BFE8A4C004FB6F0;
			remoteInfo = GuessTheFlag;
		};
		BE2F42862BFE8A4F004FB6F0 /* PBXContainerItemProxy */ = {
			isa = PBXContainerItemProxy;
			containerPortal = BE2F425C2BFE8A4C004FB6F0 /* Project object */;
			proxyType = 1;
			remoteGlobalIDString = BE2F42632BFE8A4C004FB6F0;
			remoteInfo = GuessTheFlag;
		};
/* End PBXContainerItemProxy section */

/* Begin PBXFileReference section */
		BE2F42642BFE8A4C004FB6F0 /* GuessTheFlag.app */ = {isa = PBXFileReference; explicitFileType = wrapper.application; includeInIndex = 0; path = GuessTheFlag.app; sourceTree = BUILT_PRODUCTS_DIR; };
		BE2F42672BFE8A4C004FB6F0 /* AppDelegate.swift */ = {isa = PBXFileReference; lastKnownFileType = sourcecode.swift; path = AppDelegate.swift; sourceTree = "<group>"; };
		BE2F42692BFE8A4C004FB6F0 /* SceneDelegate.swift */ = {isa = PBXFileReference; lastKnownFileType = sourcecode.swift; path = SceneDelegate.swift; sourceTree = "<group>"; };
		BE2F426B2BFE8A4C004FB6F0 /* ViewController.swift */ = {isa = PBXFileReference; lastKnownFileType = sourcecode.swift; path = ViewController.swift; sourceTree = "<group>"; };
		BE2F426E2BFE8A4C004FB6F0 /* Base */ = {isa = PBXFileReference; lastKnownFileType = file.storyboard; name = Base; path = Base.lproj/Main.storyboard; sourceTree = "<group>"; };
		BE2F42702BFE8A4F004FB6F0 /* Assets.xcassets */ = {isa = PBXFileReference; lastKnownFileType = folder.assetcatalog; path = Assets.xcassets; sourceTree = "<group>"; };
		BE2F42732BFE8A4F004FB6F0 /* Base */ = {isa = PBXFileReference; lastKnownFileType = file.storyboard; name = Base; path = Base.lproj/LaunchScreen.storyboard; sourceTree = "<group>"; };
		BE2F42752BFE8A4F004FB6F0 /* Info.plist */ = {isa = PBXFileReference; lastKnownFileType = text.plist.xml; path = Info.plist; sourceTree = "<group>"; };
		BE2F427A2BFE8A4F004FB6F0 /* GuessTheFlagTests.xctest */ = {isa = PBXFileReference; explicitFileType = wrapper.cfbundle; includeInIndex = 0; path = GuessTheFlagTests.xctest; sourceTree = BUILT_PRODUCTS_DIR; };
		BE2F427E2BFE8A4F004FB6F0 /* GuessTheFlagTests.swift */ = {isa = PBXFileReference; lastKnownFileType = sourcecode.swift; path = GuessTheFlagTests.swift; sourceTree = "<group>"; };
		BE2F42802BFE8A4F004FB6F0 /* Info.plist */ = {isa = PBXFileReference; lastKnownFileType = text.plist.xml; path = Info.plist; sourceTree = "<group>"; };
		BE2F42852BFE8A4F004FB6F0 /* GuessTheFlagUITests.xctest */ = {isa = PBXFileReference; explicitFileType = wrapper.cfbundle; includeInIndex = 0; path = GuessTheFlagUITests.xctest; sourceTree = BUILT_PRODUCTS_DIR; };
		BE2F42892BFE8A4F004FB6F0 /* GuessTheFlagUITests.swift */ = {isa = PBXFileReference; lastKnownFileType = sourcecode.swift; path = GuessTheFlagUITests.swift; sourceTree = "<group>"; };
		BE2F428B2BFE8A4F004FB6F0 /* Info.plist */ = {isa = PBXFileReference; lastKnownFileType = text.plist.xml; path = Info.plist; sourceTree = "<group>"; };
/* End PBXFileReference section */

/* Begin PBXFrameworksBuildPhase section */
		BE2F42612BFE8A4C004FB6F0 /* Frameworks */ = {
			isa = PBXFrameworksBuildPhase;
			buildActionMask = 2147483647;
			files = (
			);
			runOnlyForDeploymentPostprocessing = 0;
		};
		BE2F42772BFE8A4F004FB6F0 /* Frameworks */ = {
			isa = PBXFrameworksBuildPhase;
			buildActionMask = 2147483647;
			files = (
			);
			runOnlyForDeploymentPostprocessing = 0;
		};
		BE2F42822BFE8A4F004FB6F0 /* Frameworks */ = {
			isa = PBXFrameworksBuildPhase;
			buildActionMask = 2147483647;
			files = (
			);
			runOnlyForDeploymentPostprocessing = 0;
		};
/* End PBXFrameworksBuildPhase section */

/* Begin PBXGroup section */
		BE2F425B2BFE8A4C004FB6F0 = {
			isa = PBXGroup;
			children = (
				BE2F42662BFE8A4C004FB6F0 /* GuessTheFlag */,
				BE2F427D2BFE8A4F004FB6F0 /* GuessTheFlagTests */,
				BE2F42882BFE8A4F004FB6F0 /* GuessTheFlagUITests */,
				BE2F42652BFE8A4C004FB6F0 /* Products */,
			);
			sourceTree = "<group>";
		};
		BE2F42652BFE8A4C004FB6F0 /* Products */ = {
			isa = PBXGroup;
			children = (
				BE2F42642BFE8A4C004FB6F0 /* GuessTheFlag.app */,
				BE2F427A2BFE8A4F004FB6F0 /* GuessTheFlagTests.xctest */,
				BE2F42852BFE8A4F004FB6F0 /* GuessTheFlagUITests.xctest */,
			);
			name = Products;
			sourceTree = "<group>";
		};
		BE2F42662BFE8A4C004FB6F0 /* GuessTheFlag */ = {
			isa = PBXGroup;
			children = (
				BE2F42672BFE8A4C004FB6F0 /* AppDelegate.swift */,
				BE2F42692BFE8A4C004FB6F0 /* SceneDelegate.swift */,
				BE2F426B2BFE8A4C004FB6F0 /* ViewController.swift */,
				BE2F426D2BFE8A4C004FB6F0 /* Main.storyboard */,
				BE2F42702BFE8A4F004FB6F0 /* Assets.xcassets */,
				BE2F42722BFE8A4F004FB6F0 /* LaunchScreen.storyboard */,
				BE2F42752BFE8A4F004FB6F0 /* Info.plist */,
			);
			path = GuessTheFlag;
			sourceTree = "<group>";
		};
		BE2F427D2BFE8A4F004FB6F0 /* GuessTheFlagTests */ = {
			isa = PBXGroup;
			children = (
				BE2F427E2BFE8A4F004FB6F0 /* GuessTheFlagTests.swift */,
				BE2F42802BFE8A4F004FB6F0 /* Info.plist */,
			);
			path = GuessTheFlagTests;
			sourceTree = "<group>";
		};
		BE2F42882BFE8A4F004FB6F0 /* GuessTheFlagUITests */ = {
			isa = PBXGroup;
			children = (
				BE2F42892BFE8A4F004FB6F0 /* GuessTheFlagUITests.swift */,
				BE2F428B2BFE8A4F004FB6F0 /* Info.plist */,
			);
			path = GuessTheFlagUITests;
			sourceTree = "<group>";
		};
/* End PBXGroup section */

/* Begin PBXNativeTarget section */
		BE2F42632BFE8A4C004FB6F0 /* GuessTheFlag */ = {
			isa = PBXNativeTarget;
			buildConfigurationList = BE2F428E2BFE8A4F004FB6F0 /* Build configuration list for PBXNativeTarget "GuessTheFlag" */;
			buildPhases = (
				BE2F42602BFE8A4C004FB6F0 /* Sources */,
				BE2F42612BFE8A4C004FB6F0 /* Frameworks */,
				BE2F42622BFE8A4C004FB6F0 /* Resources */,
			);
			buildRules = (
			);
			dependencies = (
			);
			name = GuessTheFlag;
			productName = GuessTheFlag;
			productReference = BE2F42642BFE8A4C004FB6F0 /* GuessTheFlag.app */;
			productType = "com.apple.product-type.application";
		};
		BE2F42792BFE8A4F004FB6F0 /* GuessTheFlagTests */ = {
			isa = PBXNativeTarget;
			buildConfigurationList = BE2F42912BFE8A4F004FB6F0 /* Build configuration list for PBXNativeTarget "GuessTheFlagTests" */;
			buildPhases = (
				BE2F42762BFE8A4F004FB6F0 /* Sources */,
				BE2F42772BFE8A4F004FB6F0 /* Frameworks */,
				BE2F42782BFE8A4F004FB6F0 /* Resources */,
			);
			buildRules = (
			);
			dependencies = (
				BE2F427C2BFE8A4F004FB6F0 /* PBXTargetDependency */,
			);
			name = GuessTheFlagTests;
			productName = GuessTheFlagTests;
			productReference = BE2F427A2BFE8A4F004FB6F0 /* GuessTheFlagTests.xctest */;
			productType = "com.apple.product-type.bundle.unit-test";
		};
		BE2F42842BFE8A4F004FB6F0 /* GuessTheFlagUITests */ = {
			isa = PBXNativeTarget;
			buildConfigurationList = BE2F42942BFE8A4F004FB6F0 /* Build configuration list for PBXNativeTarget "GuessTheFlagUITests" */;
			buildPhases = (
				BE2F42812BFE8A4F004FB6F0 /* Sources */,
				BE2F42822BFE8A4F004FB6F0 /* Frameworks */,
				BE2F42832BFE8A4F004FB6F0 /* Resources */,
			);
			buildRules = (
			);
			dependencies = (
				BE2F42872BFE8A4F004FB6F0 /* PBXTargetDependency */,
			);
			name = GuessTheFlagUITests;
			productName = GuessTheFlagUITests;
			productReference = BE2F42852BFE8A4F004FB6F0 /* GuessTheFlagUITests.xctest */;
			productType = "com.apple.product-type.bundle.ui-testing";
		};
/* End PBXNativeTarget section */

/* Begin PBXProject section */
		BE2F425C2BFE8A4C004FB6F0 /* Project object */ = {
			isa = PBXProject;
			attributes = {
				LastSwiftUpdateCheck = 1240;
				LastUpgradeCheck = 1240;
				TargetAttributes = {
					BE2F42632BFE8A4C004FB6F0 = {
						CreatedOnToolsVersion = 12.4;
					};
					BE2F42792BFE8A4F004FB6F0 = {
						CreatedOnToolsVersion = 12.4;
						TestTargetID = BE2F42632BFE8A4C004FB6F0;
					};
					BE2F42842BFE8A4F004FB6F0 = {
						CreatedOnToolsVersion = 12.4;
						TestTargetID = BE2F42632BFE8A4C004FB6F0;
					};
				};
			};
			buildConfigurationList = BE2F425F2BFE8A4C004FB6F0 /* Build configuration list for PBXProject "GuessTheFlag" */;
			compatibilityVersion = "Xcode 9.3";
			developmentRegion = en;
			hasScannedForEncodings = 0;
			knownRegions = (
				en,
				Base,
			);
			mainGroup = BE2F425B2BFE8A4C004FB6F0;
			productRefGroup = BE2F42652BFE8A4C004FB6F0 /* Products */;
			projectDirPath = "";
			projectRoot = "";
			targets = (
				BE2F42632BFE8A4C004FB6F0 /* GuessTheFlag */,
				BE2F42792BFE8A4F004FB6F0 /* GuessTheFlagTests */,
				BE2F42842BFE8A4F004FB6F0 /* GuessTheFlagUITests */,
			);
		};
/* End PBXProject section */

/* Begin PBXResourcesBuildPhase section */
		BE2F42622BFE8A4C004FB6F0 /* Resources */ = {
			isa = PBXResourcesBuildPhase;
			buildActionMask = 2147483647;
			files = (
				BE2F42742BFE8A4F004FB6F0 /* LaunchScreen.storyboard in Resources */,
				BE2F42712BFE8A4F004FB6F0 /* Assets.xcassets in Resources */,
				BE2F426F2BFE8A4C004FB6F0 /* Main.storyboard in Resources */,
			);
			runOnlyForDeploymentPostprocessing = 0;
		};
		BE2F42782BFE8A4F004FB6F0 /* Resources */ = {
			isa = PBXResourcesBuildPhase;
			buildActionMask = 2147483647;
			files = (
			);
			runOnlyForDeploymentPostprocessing = 0;
		};
		BE2F42832BFE8A4F004FB6F0 /* Resources */ = {
			isa = PBXResourcesBuildPhase;
			buildActionMask = 2147483647;
			files = (
			);
			runOnlyForDeploymentPostprocessing = 0;
		};
/* End PBXResourcesBuildPhase section */

/* Begin PBXSourcesBuildPhase section */
		BE2F42602BFE8A4C004FB6F0 /* Sources */ = {
			isa = PBXSourcesBuildPhase;
			buildActionMask = 2147483647;
			files = (
				BE2F426C2BFE8A4C004FB6F0 /* ViewController.swift in Sources */,
				BE2F42682BFE8A4C004FB6F0 /* AppDelegate.swift in Sources */,
				BE2F426A2BFE8A4C004FB6F0 /* SceneDelegate.swift in Sources */,
			);
			runOnlyForDeploymentPostprocessing = 0;
		};
		BE2F42762BFE8A4F004FB6F0 /* Sources */ = {
			isa = PBXSourcesBuildPhase;
			buildActionMask = 2147483647;
			files = (
				BE2F427F2BFE8A4F004FB6F0 /* GuessTheFlagTests.swift in Sources */,
			);
			runOnlyForDeploymentPostprocessing = 0;
		};
		BE2F42812BFE8A4F004FB6F0 /* Sources */ = {
			isa = PBXSourcesBuildPhase;
			buildActionMask = 2147483647;
			files = (
				BE2F428A2BFE8A4F004FB6F0 /* GuessTheFlagUITests.swift in Sources */,
			);
			runOnlyForDeploymentPostprocessing = 0;
		};
/* End PBXSourcesBuildPhase section */

/* Begin PBXTargetDependency section */
		BE2F427C2BFE8A4F004FB6F0 /* PBXTargetDependency */ = {
			isa = PBXTargetDependency;
			target = BE2F42632BFE8A4C004FB6F0 /* GuessTheFlag */;
			targetProxy = BE2F427B2BFE8A4F004FB6F0 /* PBXContainerItemProxy */;
		};
		BE2F42872BFE8A4F004FB6F0 /* PBXTargetDependency */ = {
			isa = PBXTargetDependency;
			target = BE2F42632BFE8A4C004FB6F0 /* GuessTheFlag */;
			targetProxy = BE2F42862BFE8A4F004FB6F0 /* PBXContainerItemProxy */;
		};
/* End PBXTargetDependency section */

/* Begin PBXVariantGroup section */
		BE2F426D2BFE8A4C004FB6F0 /* Main.storyboard */ = {
			isa = PBXVariantGroup;
			children = (
				BE2F426E2BFE8A4C004FB6F0 /* Base */,
			);
			name = Main.storyboard;
			sourceTree = "<group>";
		};
		BE2F42722BFE8A4F004FB6F0 /* LaunchScreen.storyboard */ = {
			isa = PBXVariantGroup;
			children = (
				BE2F42732BFE8A4F004FB6F0 /* Base */,
			);
			name = LaunchScreen.storyboard;
			sourceTree = "<group>";
		};
/* End PBXVariantGroup section */

/* Begin XCBuildConfiguration section */
		BE2F428C2BFE8A4F004FB6F0 /* Debug */ = {
			isa = XCBuildConfiguration;
			buildSettings = {
				ALWAYS_SEARCH_USER_PATHS = NO;
				CLANG_ANALYZER_NONNULL = YES;
				CLANG_ANALYZER_NUMBER_OBJECT_CONVERSION = YES_AGGRESSIVE;
				CLANG_CXX_LANGUAGE_STANDARD = "gnu++14";
				CLANG_CXX_LIBRARY = "libc++";
				CLANG_ENABLE_MODULES = YES;
				CLANG_ENABLE_OBJC_ARC = YES;
				CLANG_ENABLE_OBJC_WEAK = YES;
				CLANG_WARN_BLOCK_CAPTURE_AUTORELEASING = YES;
				CLANG_WARN_BOOL_CONVERSION = YES;
				CLANG_WARN_COMMA = YES;
				CLANG_WARN_CONSTANT_CONVERSION = YES;
				CLANG_WARN_DEPRECATED_OBJC_IMPLEMENTATIONS = YES;
				CLANG_WARN_DIRECT_OBJC_ISA_USAGE = YES_ERROR;
				CLANG_WARN_DOCUMENTATION_COMMENTS = YES;
				CLANG_WARN_EMPTY_BODY = YES;
				CLANG_WARN_ENUM_CONVERSION = YES;
				CLANG_WARN_INFINITE_RECURSION = YES;
				CLANG_WARN_INT_CONVERSION = YES;
				CLANG_WARN_NON_LITERAL_NULL_CONVERSION = YES;
				CLANG_WARN_OBJC_IMPLICIT_RETAIN_SELF = YES;
				CLANG_WARN_OBJC_LITERAL_CONVERSION = YES;
				CLANG_WARN_OBJC_ROOT_CLASS = YES_ERROR;
				CLANG_WARN_QUOTED_INCLUDE_IN_FRAMEWORK_HEADER = YES;
				CLANG_WARN_RANGE_LOOP_ANALYSIS = YES;
				CLANG_WARN_STRICT_PROTOTYPES = YES;
				CLANG_WARN_SUSPICIOUS_MOVE = YES;
				CLANG_WARN_UNGUARDED_AVAILABILITY = YES_AGGRESSIVE;
				CLANG_WARN_UNREACHABLE_CODE = YES;
				CLANG_WARN__DUPLICATE_METHOD_MATCH = YES;
				COPY_PHASE_STRIP = NO;
				DEBUG_INFORMATION_FORMAT = dwarf;
				ENABLE_STRICT_OBJC_MSGSEND = YES;
				ENABLE_TESTABILITY = YES;
				GCC_C_LANGUAGE_STANDARD = gnu11;
				GCC_DYNAMIC_NO_PIC = NO;
				GCC_NO_COMMON_BLOCKS = YES;
				GCC_OPTIMIZATION_LEVEL = 0;
				GCC_PREPROCESSOR_DEFINITIONS = (
					"DEBUG=1",
					"$(inherited)",
				);
				GCC_WARN_64_TO_32_BIT_CONVERSION = YES;
				GCC_WARN_ABOUT_RETURN_TYPE = YES_ERROR;
				GCC_WARN_UNDECLARED_SELECTOR = YES;
				GCC_WARN_UNINITIALIZED_AUTOS = YES_AGGRESSIVE;
				GCC_WARN_UNUSED_FUNCTION = YES;
				GCC_WARN_UNUSED_VARIABLE = YES;
				IPHONEOS_DEPLOYMENT_TARGET = 14.4;
				MTL_ENABLE_DEBUG_INFO = INCLUDE_SOURCE;
				MTL_FAST_MATH = YES;
				ONLY_ACTIVE_ARCH = YES;
				SDKROOT = iphoneos;
				SWIFT_ACTIVE_COMPILATION_CONDITIONS = DEBUG;
				SWIFT_OPTIMIZATION_LEVEL = "-Onone";
			};
			name = Debug;
		};
		BE2F428D2BFE8A4F004FB6F0 /* Release */ = {
			isa = XCBuildConfiguration;
			buildSettings = {
				ALWAYS_SEARCH_USER_PATHS = NO;
				CLANG_ANALYZER_NONNULL = YES;
				CLANG_ANALYZER_NUMBER_OBJECT_CONVERSION = YES_AGGRESSIVE;
				CLANG_CXX_LANGUAGE_STANDARD = "gnu++14";
				CLANG_CXX_LIBRARY = "libc++";
				CLANG_ENABLE_MODULES = YES;
				CLANG_ENABLE_OBJC_ARC = YES;
				CLANG_ENABLE_OBJC_WEAK = YES;
				CLANG_WARN_BLOCK_CAPTURE_AUTORELEASING = YES;
				CLANG_WARN_BOOL_CONVERSION = YES;
				CLANG_WARN_COMMA = YES;
				CLANG_WARN_CONSTANT_CONVERSION = YES;
				CLANG_WARN_DEPRECATED_OBJC_IMPLEMENTATIONS = YES;
				CLANG_WARN_DIRECT_OBJC_ISA_USAGE = YES_ERROR;
				CLANG_WARN_DOCUMENTATION_COMMENTS = YES;
				CLANG_WARN_EMPTY_BODY = YES;
				CLANG_WARN_ENUM_CONVERSION = YES;
				CLANG_WARN_INFINITE_RECURSION = YES;
				CLANG_WARN_INT_CONVERSION = YES;
				CLANG_WARN_NON_LITERAL_NULL_CONVERSION = YES;
				CLANG_WARN_OBJC_IMPLICIT_RETAIN_SELF = YES;
				CLANG_WARN_OBJC_LITERAL_CONVERSION = YES;
				CLANG_WARN_OBJC_ROOT_CLASS = YES_ERROR;
				CLANG_WARN_QUOTED_INCLUDE_IN_FRAMEWORK_HEADER = YES;
				CLANG_WARN_RANGE_LOOP_ANALYSIS = YES;
				CLANG_WARN_STRICT_PROTOTYPES = YES;
				CLANG_WARN_SUSPICIOUS_MOVE = YES;
				CLANG_WARN_UNGUARDED_AVAILABILITY = YES_AGGRESSIVE;
				CLANG_WARN_UNREACHABLE_CODE = YES;
				CLANG_WARN__DUPLICATE_METHOD_MATCH = YES;
				COPY_PHASE_STRIP = NO;
				DEBUG_INFORMATION_FORMAT = "dwarf-with-dsym";
				ENABLE_NS_ASSERTIONS = NO;
				ENABLE_STRICT_OBJC_MSGSEND = YES;
				GCC_C_LANGUAGE_STANDARD = gnu11;
				GCC_NO_COMMON_BLOCKS = YES;
				GCC_WARN_64_TO_32_BIT_CONVERSION = YES;
				GCC_WARN_ABOUT_RETURN_TYPE = YES_ERROR;
				GCC_WARN_UNDECLARED_SELECTOR = YES;
				GCC_WARN_UNINITIALIZED_AUTOS = YES_AGGRESSIVE;
				GCC_WARN_UNUSED_FUNCTION = YES;
				GCC_WARN_UNUSED_VARIABLE = YES;
				IPHONEOS_DEPLOYMENT_TARGET = 14.4;
				MTL_ENABLE_DEBUG_INFO = NO;
				MTL_FAST_MATH = YES;
				SDKROOT = iphoneos;
				SWIFT_COMPILATION_MODE = wholemodule;
				SWIFT_OPTIMIZATION_LEVEL = "-O";
				VALIDATE_PRODUCT = YES;
			};
			name = Release;
		};
		BE2F428F2BFE8A4F004FB6F0 /* Debug */ = {
			isa = XCBuildConfiguration;
			buildSettings = {
				ASSETCATALOG_COMPILER_APPICON_NAME = AppIcon;
				ASSETCATALOG_COMPILER_GLOBAL_ACCENT_COLOR_NAME = AccentColor;
				CODE_SIGN_STYLE = Automatic;
				INFOPLIST_FILE = GuessTheFlag/Info.plist;
				LD_RUNPATH_SEARCH_PATHS = (
					"$(inherited)",
					"@executable_path/Frameworks",
				);
				PRODUCT_BUNDLE_IDENTIFIER = SurajMeghwar.GuessTheFlag;
				PRODUCT_NAME = "$(TARGET_NAME)";
				SWIFT_VERSION = 5.0;
				TARGETED_DEVICE_FAMILY = "1,2";
			};
			name = Debug;
		};
		BE2F42902BFE8A4F004FB6F0 /* Release */ = {
			isa = XCBuildConfiguration;
			buildSettings = {
				ASSETCATALOG_COMPILER_APPICON_NAME = AppIcon;
				ASSETCATALOG_COMPILER_GLOBAL_ACCENT_COLOR_NAME = AccentColor;
				CODE_SIGN_STYLE = Automatic;
				INFOPLIST_FILE = GuessTheFlag/Info.plist;
				LD_RUNPATH_SEARCH_PATHS = (
					"$(inherited)",
					"@executable_path/Frameworks",
				);
				PRODUCT_BUNDLE_IDENTIFIER = SurajMeghwar.GuessTheFlag;
				PRODUCT_NAME = "$(TARGET_NAME)";
				SWIFT_VERSION = 5.0;
				TARGETED_DEVICE_FAMILY = "1,2";
			};
			name = Release;
		};
		BE2F42922BFE8A4F004FB6F0 /* Debug */ = {
			isa = XCBuildConfiguration;
			buildSettings = {
				ALWAYS_EMBED_SWIFT_STANDARD_LIBRARIES = YES;
				BUNDLE_LOADER = "$(TEST_HOST)";
				CODE_SIGN_STYLE = Automatic;
				INFOPLIST_FILE = GuessTheFlagTests/Info.plist;
				IPHONEOS_DEPLOYMENT_TARGET = 14.4;
				LD_RUNPATH_SEARCH_PATHS = (
					"$(inherited)",
					"@executable_path/Frameworks",
					"@loader_path/Frameworks",
				);
				PRODUCT_BUNDLE_IDENTIFIER = SurajMeghwar.GuessTheFlagTests;
				PRODUCT_NAME = "$(TARGET_NAME)";
				SWIFT_VERSION = 5.0;
				TARGETED_DEVICE_FAMILY = "1,2";
				TEST_HOST = "$(BUILT_PRODUCTS_DIR)/GuessTheFlag.app/GuessTheFlag";
			};
			name = Debug;
		};
		BE2F42932BFE8A4F004FB6F0 /* Release */ = {
			isa = XCBuildConfiguration;
			buildSettings = {
				ALWAYS_EMBED_SWIFT_STANDARD_LIBRARIES = YES;
				BUNDLE_LOADER = "$(TEST_HOST)";
				CODE_SIGN_STYLE = Automatic;
				INFOPLIST_FILE = GuessTheFlagTests/Info.plist;
				IPHONEOS_DEPLOYMENT_TARGET = 14.4;
				LD_RUNPATH_SEARCH_PATHS = (
					"$(inherited)",
					"@executable_path/Frameworks",
					"@loader_path/Frameworks",
				);
				PRODUCT_BUNDLE_IDENTIFIER = SurajMeghwar.GuessTheFlagTests;
				PRODUCT_NAME = "$(TARGET_NAME)";
				SWIFT_VERSION = 5.0;
				TARGETED_DEVICE_FAMILY = "1,2";
				TEST_HOST = "$(BUILT_PRODUCTS_DIR)/GuessTheFlag.app/GuessTheFlag";
			};
			name = Release;
		};
		BE2F42952BFE8A4F004FB6F0 /* Debug */ = {
			isa = XCBuildConfiguration;
			buildSettings = {
				ALWAYS_EMBED_SWIFT_STANDARD_LIBRARIES = YES;
				CODE_SIGN_STYLE = Automatic;
				INFOPLIST_FILE = GuessTheFlagUITests/Info.plist;
				LD_RUNPATH_SEARCH_PATHS = (
					"$(inherited)",
					"@executable_path/Frameworks",
					"@loader_path/Frameworks",
				);
				PRODUCT_BUNDLE_IDENTIFIER = SurajMeghwar.GuessTheFlagUITests;
				PRODUCT_NAME = "$(TARGET_NAME)";
				SWIFT_VERSION = 5.0;
				TARGETED_DEVICE_FAMILY = "1,2";
				TEST_TARGET_NAME = GuessTheFlag;
			};
			name = Debug;
		};
		BE2F42962BFE8A4F004FB6F0 /* Release */ = {
			isa = XCBuildConfiguration;
			buildSettings = {
				ALWAYS_EMBED_SWIFT_STANDARD_LIBRARIES = YES;
				CODE_SIGN_STYLE = Automatic;
				INFOPLIST_FILE = GuessTheFlagUITests/Info.plist;
				LD_RUNPATH_SEARCH_PATHS = (
					"$(inherited)",
					"@executable_path/Frameworks",
					"@loader_path/Frameworks",
				);
				PRODUCT_BUNDLE_IDENTIFIER = SurajMeghwar.GuessTheFlagUITests;
				PRODUCT_NAME = "$(TARGET_NAME)";
				SWIFT_VERSION = 5.0;
				TARGETED_DEVICE_FAMILY = "1,2";
				TEST_TARGET_NAME = GuessTheFlag;
			};
			name = Release;
		};
/* End XCBuildConfiguration section */

/* Begin XCConfigurationList section */
		BE2F425F2BFE8A4C004FB6F0 /* Build configuration list for PBXProject "GuessTheFlag" */ = {
			isa = XCConfigurationList;
			buildConfigurations = (
				BE2F428C2BFE8A4F004FB6F0 /* Debug */,
				BE2F428D2BFE8A4F004FB6F0 /* Release */,
			);
			defaultConfigurationIsVisible = 0;
			defaultConfigurationName = Release;
		};
		BE2F428E2BFE8A4F004FB6F0 /* Build configuration list for PBXNativeTarget "GuessTheFlag" */ = {
			isa = XCConfigurationList;
			buildConfigurations = (
				BE2F428F2BFE8A4F004FB6F0 /* Debug */,
				BE2F42902BFE8A4F004FB6F0 /* Release */,
			);
			defaultConfigurationIsVisible = 0;
			defaultConfigurationName = Release;
		};
		BE2F42912BFE8A4F004FB6F0 /* Build configuration list for PBXNativeTarget "GuessTheFlagTests" */ = {
			isa = XCConfigurationList;
			buildConfigurations = (
				BE2F42922BFE8A4F004FB6F0 /* Debug */,
				BE2F42932BFE8A4F004FB6F0 /* Release */,
			);
			defaultConfigurationIsVisible = 0;
			defaultConfigurationName = Release;
		};
		BE2F42942BFE8A4F004FB6F0 /* Build configuration list for PBXNativeTarget "GuessTheFlagUITests" */ = {
			isa = XCConfigurationList;
			buildConfigurations = (
				BE2F42952BFE8A4F004FB6F0 /* Debug */,
				BE2F42962BFE8A4F004FB6F0 /* Release */,
			);
			defaultConfigurationIsVisible = 0;
			defaultConfigurationName = Release;
		};
/* End XCConfigurationList section */
	};
	rootObject = BE2F425C2BFE8A4C004FB6F0 /* Project object */;
}
